
Microsoft Visual Studio Solution File, Format Version 12.00
# Visual Studio Version 17
VisualStudioVersion = 17.13.35931.197
MinimumVisualStudioVersion = 10.0.40219.1
Project("{FAE04EC0-301F-11D3-BF4B-00C04F79EFBC}") = "MeowMemoirsAPI", "MeowMemoirsAPI.csproj", "{83B03177-30FF-4F95-A0E3-A8A7F3CBCCC8}"
EndProject
Global
	GlobalSection(SolutionConfigurationPlatforms) = preSolution
		Debug|Any CPU = Debug|Any CPU
		Release|Any CPU = Release|Any CPU
	EndGlobalSection
	GlobalSection(ProjectConfigurationPlatforms) = postSolution
		{83B03177-30FF-4F95-A0E3-A8A7F3CBCCC8}.Debug|Any CPU.ActiveCfg = Debug|Any CPU
		{83B03177-30FF-4F95-A0E3-A8A7F3CBCCC8}.Debug|Any CPU.Build.0 = Debug|Any CPU
		{83B03177-30FF-4F95-A0E3-A8A7F3CBCCC8}.Release|Any CPU.ActiveCfg = Release|Any CPU
		{83B03177-30FF-4F95-A0E3-A8A7F3CBCCC8}.Release|Any CPU.Build.0 = Release|Any CPU
	EndGlobalSection
	GlobalSection(SolutionProperties) = preSolution
		HideSolutionNode = FALSE
	EndGlobalSection
	GlobalSection(ExtensibilityGlobals) = postSolution
		SolutionGuid = {465F0B4A-20A8-4F7E-BD1B-DA7EF365609F}
	EndGlobalSection
EndGlobal
